// !$*UTF8*$!
{
	archiveVersion = 1;
	classes = {
	};
	objectVersion = 46;
	objects = {

/* Begin PBXBuildFile section */
		2F1FF9041EB8297400DD85B9 /* main.m in Sources */ = {isa = PBXBuildFile; fileRef = 2F1FF9031EB8297400DD85B9 /* main.m */; };
		2F1FF9071EB8297400DD85B9 /* AppDelegate.m in Sources */ = {isa = PBXBuildFile; fileRef = 2F1FF9061EB8297400DD85B9 /* AppDelegate.m */; };
		2F1FF90A1EB8297400DD85B9 /* ViewController.m in Sources */ = {isa = PBXBuildFile; fileRef = 2F1FF9091EB8297400DD85B9 /* ViewController.m */; };
		2F1FF90D1EB8297400DD85B9 /* Main.storyboard in Resources */ = {isa = PBXBuildFile; fileRef = 2F1FF90B1EB8297400DD85B9 /* Main.storyboard */; };
		2F1FF90F1EB8297400DD85B9 /* Assets.xcassets in Resources */ = {isa = PBXBuildFile; fileRef = 2F1FF90E1EB8297400DD85B9 /* Assets.xcassets */; };
		2F1FF9121EB8297400DD85B9 /* LaunchScreen.storyboard in Resources */ = {isa = PBXBuildFile; fileRef = 2F1FF9101EB8297400DD85B9 /* LaunchScreen.storyboard */; };
		2F1FF91D1EB8297400DD85B9 /* ColumnTextTests.m in Sources */ = {isa = PBXBuildFile; fileRef = 2F1FF91C1EB8297400DD85B9 /* ColumnTextTests.m */; };
		2F1FF9281EB8297400DD85B9 /* ColumnTextUITests.m in Sources */ = {isa = PBXBuildFile; fileRef = 2F1FF9271EB8297400DD85B9 /* ColumnTextUITests.m */; };
/* End PBXBuildFile section */

/* Begin PBXContainerItemProxy section */
		2F1FF9191EB8297400DD85B9 /* PBXContainerItemProxy */ = {
			isa = PBXContainerItemProxy;
			containerPortal = 2F1FF8F71EB8297400DD85B9 /* Project object */;
			proxyType = 1;
			remoteGlobalIDString = 2F1FF8FE1EB8297400DD85B9;
			remoteInfo = ColumnText;
		};
		2F1FF9241EB8297400DD85B9 /* PBXContainerItemProxy */ = {
			isa = PBXContainerItemProxy;
			containerPortal = 2F1FF8F71EB8297400DD85B9 /* Project object */;
			proxyType = 1;
			remoteGlobalIDString = 2F1FF8FE1EB8297400DD85B9;
			remoteInfo = ColumnText;
		};
/* End PBXContainerItemProxy section */

/* Begin PBXFileReference section */
		2F1FF8FF1EB8297400DD85B9 /* ColumnText.app */ = {isa = PBXFileReference; explicitFileType = wrapper.application; includeInIndex = 0; path = ColumnText.app; sourceTree = BUILT_PRODUCTS_DIR; };
		2F1FF9031EB8297400DD85B9 /* main.m */ = {isa = PBXFileReference; lastKnownFileType = sourcecode.c.objc; path = main.m; sourceTree = "<group>"; };
		2F1FF9051EB8297400DD85B9 /* AppDelegate.h */ = {isa = PBXFileReference; lastKnownFileType = sourcecode.c.h; path = AppDelegate.h; sourceTree = "<group>"; };
		2F1FF9061EB8297400DD85B9 /* AppDelegate.m */ = {isa = PBXFileReference; lastKnownFileType = sourcecode.c.objc; path = AppDelegate.m; sourceTree = "<group>"; };
		2F1FF9081EB8297400DD85B9 /* ViewController.h */ = {isa = PBXFileReference; lastKnownFileType = sourcecode.c.h; path = ViewController.h; sourceTree = "<group>"; };
		2F1FF9091EB8297400DD85B9 /* ViewController.m */ = {isa = PBXFileReference; lastKnownFileType = sourcecode.c.objc; path = ViewController.m; sourceTree = "<group>"; };
		2F1FF90C1EB8297400DD85B9 /* Base */ = {isa = PBXFileReference; lastKnownFileType = file.storyboard; name = Base; path = Base.lproj/Main.storyboard; sourceTree = "<group>"; };
		2F1FF90E1EB8297400DD85B9 /* Assets.xcassets */ = {isa = PBXFileReference; lastKnownFileType = folder.assetcatalog; path = Assets.xcassets; sourceTree = "<group>"; };
		2F1FF9111EB8297400DD85B9 /* Base */ = {isa = PBXFileReference; lastKnownFileType = file.storyboard; name = Base; path = Base.lproj/LaunchScreen.storyboard; sourceTree = "<group>"; };
		2F1FF9131EB8297400DD85B9 /* Info.plist */ = {isa = PBXFileReference; lastKnownFileType = text.plist.xml; path = Info.plist; sourceTree = "<group>"; };
		2F1FF9181EB8297400DD85B9 /* ColumnTextTests.xctest */ = {isa = PBXFileReference; explicitFileType = wrapper.cfbundle; includeInIndex = 0; path = ColumnTextTests.xctest; sourceTree = BUILT_PRODUCTS_DIR; };
		2F1FF91C1EB8297400DD85B9 /* ColumnTextTests.m */ = {isa = PBXFileReference; lastKnownFileType = sourcecode.c.objc; path = ColumnTextTests.m; sourceTree = "<group>"; };
		2F1FF91E1EB8297400DD85B9 /* Info.plist */ = {isa = PBXFileReference; lastKnownFileType = text.plist.xml; path = Info.plist; sourceTree = "<group>"; };
		2F1FF9231EB8297400DD85B9 /* ColumnTextUITests.xctest */ = {isa = PBXFileReference; explicitFileType = wrapper.cfbundle; includeInIndex = 0; path = ColumnTextUITests.xctest; sourceTree = BUILT_PRODUCTS_DIR; };
		2F1FF9271EB8297400DD85B9 /* ColumnTextUITests.m */ = {isa = PBXFileReference; lastKnownFileType = sourcecode.c.objc; path = ColumnTextUITests.m; sourceTree = "<group>"; };
		2F1FF9291EB8297400DD85B9 /* Info.plist */ = {isa = PBXFileReference; lastKnownFileType = text.plist.xml; path = Info.plist; sourceTree = "<group>"; };
/* End PBXFileReference section */

/* Begin PBXFrameworksBuildPhase section */
		2F1FF8FC1EB8297400DD85B9 /* Frameworks */ = {
			isa = PBXFrameworksBuildPhase;
			buildActionMask = 2147483647;
			files = (
			);
			runOnlyForDeploymentPostprocessing = 0;
		};
		2F1FF9151EB8297400DD85B9 /* Frameworks */ = {
			isa = PBXFrameworksBuildPhase;
			buildActionMask = 2147483647;
			files = (
			);
			runOnlyForDeploymentPostprocessing = 0;
		};
		2F1FF9201EB8297400DD85B9 /* Frameworks */ = {
			isa = PBXFrameworksBuildPhase;
			buildActionMask = 2147483647;
			files = (
			);
			runOnlyForDeploymentPostprocessing = 0;
		};
/* End PBXFrameworksBuildPhase section */

/* Begin PBXGroup section */
		2F1FF8F61EB8297400DD85B9 = {
			isa = PBXGroup;
			children = (
				2F1FF9011EB8297400DD85B9 /* ColumnText */,
				2F1FF91B1EB8297400DD85B9 /* ColumnTextTests */,
				2F1FF9261EB8297400DD85B9 /* ColumnTextUITests */,
				2F1FF9001EB8297400DD85B9 /* Products */,
			);
			sourceTree = "<group>";
		};
		2F1FF9001EB8297400DD85B9 /* Products */ = {
			isa = PBXGroup;
			children = (
				2F1FF8FF1EB8297400DD85B9 /* ColumnText.app */,
				2F1FF9181EB8297400DD85B9 /* ColumnTextTests.xctest */,
				2F1FF9231EB8297400DD85B9 /* ColumnTextUITests.xctest */,
			);
			name = Products;
			sourceTree = "<group>";
		};
		2F1FF9011EB8297400DD85B9 /* ColumnText */ = {
			isa = PBXGroup;
			children = (
				2F1FF9051EB8297400DD85B9 /* AppDelegate.h */,
				2F1FF9061EB8297400DD85B9 /* AppDelegate.m */,
				2F1FF9081EB8297400DD85B9 /* ViewController.h */,
				2F1FF9091EB8297400DD85B9 /* ViewController.m */,
				2F1FF90B1EB8297400DD85B9 /* Main.storyboard */,
				2F1FF90E1EB8297400DD85B9 /* Assets.xcassets */,
				2F1FF9101EB8297400DD85B9 /* LaunchScreen.storyboard */,
				2F1FF9131EB8297400DD85B9 /* Info.plist */,
				2F1FF9021EB8297400DD85B9 /* Supporting Files */,
			);
			path = ColumnText;
			sourceTree = "<group>";
		};
		2F1FF9021EB8297400DD85B9 /* Supporting Files */ = {
			isa = PBXGroup;
			children = (
				2F1FF9031EB8297400DD85B9 /* main.m */,
			);
			name = "Supporting Files";
			sourceTree = "<group>";
		};
		2F1FF91B1EB8297400DD85B9 /* ColumnTextTests */ = {
			isa = PBXGroup;
			children = (
				2F1FF91C1EB8297400DD85B9 /* ColumnTextTests.m */,
				2F1FF91E1EB8297400DD85B9 /* Info.plist */,
			);
			path = ColumnTextTests;
			sourceTree = "<group>";
		};
		2F1FF9261EB8297400DD85B9 /* ColumnTextUITests */ = {
			isa = PBXGroup;
			children = (
				2F1FF9271EB8297400DD85B9 /* ColumnTextUITests.m */,
				2F1FF9291EB8297400DD85B9 /* Info.plist */,
			);
			path = ColumnTextUITests;
			sourceTree = "<group>";
		};
/* End PBXGroup section */

/* Begin PBXNativeTarget section */
		2F1FF8FE1EB8297400DD85B9 /* ColumnText */ = {
			isa = PBXNativeTarget;
			buildConfigurationList = 2F1FF92C1EB8297400DD85B9 /* Build configuration list for PBXNativeTarget "ColumnText" */;
			buildPhases = (
				2F1FF8FB1EB8297400DD85B9 /* Sources */,
				2F1FF8FC1EB8297400DD85B9 /* Frameworks */,
				2F1FF8FD1EB8297400DD85B9 /* Resources */,
			);
			buildRules = (
			);
			dependencies = (
			);
			name = ColumnText;
			productName = ColumnText;
			productReference = 2F1FF8FF1EB8297400DD85B9 /* ColumnText.app */;
			productType = "com.apple.product-type.application";
		};
		2F1FF9171EB8297400DD85B9 /* ColumnTextTests */ = {
			isa = PBXNativeTarget;
			buildConfigurationList = 2F1FF92F1EB8297400DD85B9 /* Build configuration list for PBXNativeTarget "ColumnTextTests" */;
			buildPhases = (
				2F1FF9141EB8297400DD85B9 /* Sources */,
				2F1FF9151EB8297400DD85B9 /* Frameworks */,
				2F1FF9161EB8297400DD85B9 /* Resources */,
			);
			buildRules = (
			);
			dependencies = (
				2F1FF91A1EB8297400DD85B9 /* PBXTargetDependency */,
			);
			name = ColumnTextTests;
			productName = ColumnTextTests;
			productReference = 2F1FF9181EB8297400DD85B9 /* ColumnTextTests.xctest */;
			productType = "com.apple.product-type.bundle.unit-test";
		};
		2F1FF9221EB8297400DD85B9 /* ColumnTextUITests */ = {
			isa = PBXNativeTarget;
			buildConfigurationList = 2F1FF9321EB8297400DD85B9 /* Build configuration list for PBXNativeTarget "ColumnTextUITests" */;
			buildPhases = (
				2F1FF91F1EB8297400DD85B9 /* Sources */,
				2F1FF9201EB8297400DD85B9 /* Frameworks */,
				2F1FF9211EB8297400DD85B9 /* Resources */,
			);
			buildRules = (
			);
			dependencies = (
				2F1FF9251EB8297400DD85B9 /* PBXTargetDependency */,
			);
			name = ColumnTextUITests;
			productName = ColumnTextUITests;
			productReference = 2F1FF9231EB8297400DD85B9 /* ColumnTextUITests.xctest */;
			productType = "com.apple.product-type.bundle.ui-testing";
		};
/* End PBXNativeTarget section */

/* Begin PBXProject section */
		2F1FF8F71EB8297400DD85B9 /* Project object */ = {
			isa = PBXProject;
			attributes = {
				LastUpgradeCheck = 0830;
				ORGANIZATIONNAME = 666gps;
				TargetAttributes = {
					2F1FF8FE1EB8297400DD85B9 = {
						CreatedOnToolsVersion = 8.3.2;
						DevelopmentTeam = 6BQ4Q66M66;
						ProvisioningStyle = Automatic;
					};
					2F1FF9171EB8297400DD85B9 = {
						CreatedOnToolsVersion = 8.3.2;
						DevelopmentTeam = 6BQ4Q66M66;
						ProvisioningStyle = Automatic;
						TestTargetID = 2F1FF8FE1EB8297400DD85B9;
					};
					2F1FF9221EB8297400DD85B9 = {
						CreatedOnToolsVersion = 8.3.2;
						DevelopmentTeam = 6BQ4Q66M66;
						ProvisioningStyle = Automatic;
						TestTargetID = 2F1FF8FE1EB8297400DD85B9;
					};
				};
			};
			buildConfigurationList = 2F1FF8FA1EB8297400DD85B9 /* Build configuration list for PBXProject "ColumnText" */;
			compatibilityVersion = "Xcode 3.2";
			developmentRegion = English;
			hasScannedForEncodings = 0;
			knownRegions = (
				en,
				Base,
			);
			mainGroup = 2F1FF8F61EB8297400DD85B9;
			productRefGroup = 2F1FF9001EB8297400DD85B9 /* Products */;
			projectDirPath = "";
			projectRoot = "";
			targets = (
				2F1FF8FE1EB8297400DD85B9 /* ColumnText */,
				2F1FF9171EB8297400DD85B9 /* ColumnTextTests */,
				2F1FF9221EB8297400DD85B9 /* ColumnTextUITests */,
			);
		};
/* End PBXProject section */

/* Begin PBXResourcesBuildPhase section */
		2F1FF8FD1EB8297400DD85B9 /* Resources */ = {
			isa = PBXResourcesBuildPhase;
			buildActionMask = 2147483647;
			files = (
				2F1FF9121EB8297400DD85B9 /* LaunchScreen.storyboard in Resources */,
				2F1FF90F1EB8297400DD85B9 /* Assets.xcassets in Resources */,
				2F1FF90D1EB8297400DD85B9 /* Main.storyboard in Resources */,
			);
			runOnlyForDeploymentPostprocessing = 0;
		};
		2F1FF9161EB8297400DD85B9 /* Resources */ = {
			isa = PBXResourcesBuildPhase;
			buildActionMask = 2147483647;
			files = (
			);
			runOnlyForDeploymentPostprocessing = 0;
		};
		2F1FF9211EB8297400DD85B9 /* Resources */ = {
			isa = PBXResourcesBuildPhase;
			buildActionMask = 2147483647;
			files = (
			);
			runOnlyForDeploymentPostprocessing = 0;
		};
/* End PBXResourcesBuildPhase section */

/* Begin PBXSourcesBuildPhase section */
		2F1FF8FB1EB8297400DD85B9 /* Sources */ = {
			isa = PBXSourcesBuildPhase;
			buildActionMask = 2147483647;
			files = (
				2F1FF90A1EB8297400DD85B9 /* ViewController.m in Sources */,
				2F1FF9071EB8297400DD85B9 /* AppDelegate.m in Sources */,
				2F1FF9041EB8297400DD85B9 /* main.m in Sources */,
			);
			runOnlyForDeploymentPostprocessing = 0;
		};
		2F1FF9141EB8297400DD85B9 /* Sources */ = {
			isa = PBXSourcesBuildPhase;
			buildActionMask = 2147483647;
			files = (
				2F1FF91D1EB8297400DD85B9 /* ColumnTextTests.m in Sources */,
			);
			runOnlyForDeploymentPostprocessing = 0;
		};
		2F1FF91F1EB8297400DD85B9 /* Sources */ = {
			isa = PBXSourcesBuildPhase;
			buildActionMask = 2147483647;
			files = (
				2F1FF9281EB8297400DD85B9 /* ColumnTextUITests.m in Sources */,
			);
			runOnlyForDeploymentPostprocessing = 0;
		};
/* End PBXSourcesBuildPhase section */

/* Begin PBXTargetDependency section */
		2F1FF91A1EB8297400DD85B9 /* PBXTargetDependency */ = {
			isa = PBXTargetDependency;
			target = 2F1FF8FE1EB8297400DD85B9 /* ColumnText */;
			targetProxy = 2F1FF9191EB8297400DD85B9 /* PBXContainerItemProxy */;
		};
		2F1FF9251EB8297400DD85B9 /* PBXTargetDependency */ = {
			isa = PBXTargetDependency;
			target = 2F1FF8FE1EB8297400DD85B9 /* ColumnText */;
			targetProxy = 2F1FF9241EB8297400DD85B9 /* PBXContainerItemProxy */;
		};
/* End PBXTargetDependency section */

/* Begin PBXVariantGroup section */
		2F1FF90B1EB8297400DD85B9 /* Main.storyboard */ = {
			isa = PBXVariantGroup;
			children = (
				2F1FF90C1EB8297400DD85B9 /* Base */,
			);
			name = Main.storyboard;
			sourceTree = "<group>";
		};
		2F1FF9101EB8297400DD85B9 /* LaunchScreen.storyboard */ = {
			isa = PBXVariantGroup;
			children = (
				2F1FF9111EB8297400DD85B9 /* Base */,
			);
			name = LaunchScreen.storyboard;
			sourceTree = "<group>";
		};
/* End PBXVariantGroup section */

/* Begin XCBuildConfiguration section */
		2F1FF92A1EB8297400DD85B9 /* Debug */ = {
			isa = XCBuildConfiguration;
			buildSettings = {
				ALWAYS_SEARCH_USER_PATHS = NO;
				CLANG_ANALYZER_NONNULL = YES;
				CLANG_ANALYZER_NUMBER_OBJECT_CONVERSION = YES_AGGRESSIVE;
				CLANG_CXX_LANGUAGE_STANDARD = "gnu++0x";
				CLANG_CXX_LIBRARY = "libc++";
				CLANG_ENABLE_MODULES = YES;
				CLANG_ENABLE_OBJC_ARC = YES;
				CLANG_WARN_BOOL_CONVERSION = YES;
				CLANG_WARN_CONSTANT_CONVERSION = YES;
				CLANG_WARN_DIRECT_OBJC_ISA_USAGE = YES_ERROR;
				CLANG_WARN_DOCUMENTATION_COMMENTS = YES;
				CLANG_WARN_EMPTY_BODY = YES;
				CLANG_WARN_ENUM_CONVERSION = YES;
				CLANG_WARN_INFINITE_RECURSION = YES;
				CLANG_WARN_INT_CONVERSION = YES;
				CLANG_WARN_OBJC_ROOT_CLASS = YES_ERROR;
				CLANG_WARN_SUSPICIOUS_MOVE = YES;
				CLANG_WARN_UNREACHABLE_CODE = YES;
				CLANG_WARN__DUPLICATE_METHOD_MATCH = YES;
				"CODE_SIGN_IDENTITY[sdk=iphoneos*]" = "iPhone Developer";
				COPY_PHASE_STRIP = NO;
				DEBUG_INFORMATION_FORMAT = dwarf;
				ENABLE_STRICT_OBJC_MSGSEND = YES;
				ENABLE_TESTABILITY = YES;
				GCC_C_LANGUAGE_STANDARD = gnu99;
				GCC_DYNAMIC_NO_PIC = NO;
				GCC_NO_COMMON_BLOCKS = YES;
				GCC_OPTIMIZATION_LEVEL = 0;
				GCC_PREPROCESSOR_DEFINITIONS = (
					"DEBUG=1",
					"$(inherited)",
				);
				GCC_WARN_64_TO_32_BIT_CONVERSION = YES;
				GCC_WARN_ABOUT_RETURN_TYPE = YES_ERROR;
				GCC_WARN_UNDECLARED_SELECTOR = YES;
				GCC_WARN_UNINITIALIZED_AUTOS = YES_AGGRESSIVE;
				GCC_WARN_UNUSED_FUNCTION = YES;
				GCC_WARN_UNUSED_VARIABLE = YES;
				IPHONEOS_DEPLOYMENT_TARGET = 10.3;
				MTL_ENABLE_DEBUG_INFO = YES;
				ONLY_ACTIVE_ARCH = YES;
				SDKROOT = iphoneos;
				TARGETED_DEVICE_FAMILY = "1,2";
			};
			name = Debug;
		};
		2F1FF92B1EB8297400DD85B9 /* Release */ = {
			isa = XCBuildConfiguration;
			buildSettings = {
				ALWAYS_SEARCH_USER_PATHS = NO;
				CLANG_ANALYZER_NONNULL = YES;
				CLANG_ANALYZER_NUMBER_OBJECT_CONVERSION = YES_AGGRESSIVE;
				CLANG_CXX_LANGUAGE_STANDARD = "gnu++0x";
				CLANG_CXX_LIBRARY = "libc++";
				CLANG_ENABLE_MODULES = YES;
				CLANG_ENABLE_OBJC_ARC = YES;
				CLANG_WARN_BOOL_CONVERSION = YES;
				CLANG_WARN_CONSTANT_CONVERSION = YES;
				CLANG_WARN_DIRECT_OBJC_ISA_USAGE = YES_ERROR;
				CLANG_WARN_DOCUMENTATION_COMMENTS = YES;
				CLANG_WARN_EMPTY_BODY = YES;
				CLANG_WARN_ENUM_CONVERSION = YES;
				CLANG_WARN_INFINITE_RECURSION = YES;
				CLANG_WARN_INT_CONVERSION = YES;
				CLANG_WARN_OBJC_ROOT_CLASS = YES_ERROR;
				CLANG_WARN_SUSPICIOUS_MOVE = YES;
				CLANG_WARN_UNREACHABLE_CODE = YES;
				CLANG_WARN__DUPLICATE_METHOD_MATCH = YES;
				"CODE_SIGN_IDENTITY[sdk=iphoneos*]" = "iPhone Developer";
				COPY_PHASE_STRIP = NO;
				DEBUG_INFORMATION_FORMAT = "dwarf-with-dsym";
				ENABLE_NS_ASSERTIONS = NO;
				ENABLE_STRICT_OBJC_MSGSEND = YES;
				GCC_C_LANGUAGE_STANDARD = gnu99;
				GCC_NO_COMMON_BLOCKS = YES;
				GCC_WARN_64_TO_32_BIT_CONVERSION = YES;
				GCC_WARN_ABOUT_RETURN_TYPE = YES_ERROR;
				GCC_WARN_UNDECLARED_SELECTOR = YES;
				GCC_WARN_UNINITIALIZED_AUTOS = YES_AGGRESSIVE;
				GCC_WARN_UNUSED_FUNCTION = YES;
				GCC_WARN_UNUSED_VARIABLE = YES;
				IPHONEOS_DEPLOYMENT_TARGET = 10.3;
				MTL_ENABLE_DEBUG_INFO = NO;
				SDKROOT = iphoneos;
				TARGETED_DEVICE_FAMILY = "1,2";
				VALIDATE_PRODUCT = YES;
			};
			name = Release;
		};
		2F1FF92D1EB8297400DD85B9 /* Debug */ = {
			isa = XCBuildConfiguration;
			buildSettings = {
				ASSETCATALOG_COMPILER_APPICON_NAME = AppIcon;
				DEVELOPMENT_TEAM = 6BQ4Q66M66;
				INFOPLIST_FILE = ColumnText/Info.plist;
				LD_RUNPATH_SEARCH_PATHS = "$(inherited) @executable_path/Frameworks";
				PRODUCT_BUNDLE_IDENTIFIER = yang.ColumnText;
				PRODUCT_NAME = "$(TARGET_NAME)";
			};
			name = Debug;
		};
		2F1FF92E1EB8297400DD85B9 /* Release */ = {
			isa = XCBuildConfiguration;
			buildSettings = {
				ASSETCATALOG_COMPILER_APPICON_NAME = AppIcon;
				DEVELOPMENT_TEAM = 6BQ4Q66M66;
				INFOPLIST_FILE = ColumnText/Info.plist;
				LD_RUNPATH_SEARCH_PATHS = "$(inherited) @executable_path/Frameworks";
				PRODUCT_BUNDLE_IDENTIFIER = yang.ColumnText;
				PRODUCT_NAME = "$(TARGET_NAME)";
			};
			name = Release;
		};
		2F1FF9301EB8297400DD85B9 /* Debug */ = {
			isa = XCBuildConfiguration;
			buildSettings = {
				BUNDLE_LOADER = "$(TEST_HOST)";
				DEVELOPMENT_TEAM = 6BQ4Q66M66;
				INFOPLIST_FILE = ColumnTextTests/Info.plist;
				LD_RUNPATH_SEARCH_PATHS = "$(inherited) @executable_path/Frameworks @loader_path/Frameworks";
				PRODUCT_BUNDLE_IDENTIFIER = yang.ColumnTextTests;
				PRODUCT_NAME = "$(TARGET_NAME)";
				TEST_HOST = "$(BUILT_PRODUCTS_DIR)/ColumnText.app/ColumnText";
			};
			name = Debug;
		};
		2F1FF9311EB8297400DD85B9 /* Release */ = {
			isa = XCBuildConfiguration;
			buildSettings = {
				BUNDLE_LOADER = "$(TEST_HOST)";
				DEVELOPMENT_TEAM = 6BQ4Q66M66;
				INFOPLIST_FILE = ColumnTextTests/Info.plist;
				LD_RUNPATH_SEARCH_PATHS = "$(inherited) @executable_path/Frameworks @loader_path/Frameworks";
				PRODUCT_BUNDLE_IDENTIFIER = yang.ColumnTextTests;
				PRODUCT_NAME = "$(TARGET_NAME)";
				TEST_HOST = "$(BUILT_PRODUCTS_DIR)/ColumnText.app/ColumnText";
			};
			name = Release;
		};
		2F1FF9331EB8297400DD85B9 /* Debug */ = {
			isa = XCBuildConfiguration;
			buildSettings = {
				DEVELOPMENT_TEAM = 6BQ4Q66M66;
				INFOPLIST_FILE = ColumnTextUITests/Info.plist;
				LD_RUNPATH_SEARCH_PATHS = "$(inherited) @executable_path/Frameworks @loader_path/Frameworks";
				PRODUCT_BUNDLE_IDENTIFIER = yang.ColumnTextUITests;
				PRODUCT_NAME = "$(TARGET_NAME)";
				TEST_TARGET_NAME = ColumnText;
			};
			name = Debug;
		};
		2F1FF9341EB8297400DD85B9 /* Release */ = {
			isa = XCBuildConfiguration;
			buildSettings = {
				DEVELOPMENT_TEAM = 6BQ4Q66M66;
				INFOPLIST_FILE = ColumnTextUITests/Info.plist;
				LD_RUNPATH_SEARCH_PATHS = "$(inherited) @executable_path/Frameworks @loader_path/Frameworks";
				PRODUCT_BUNDLE_IDENTIFIER = yang.ColumnTextUITests;
				PRODUCT_NAME = "$(TARGET_NAME)";
				TEST_TARGET_NAME = ColumnText;
			};
			name = Release;
		};
/* End XCBuildConfiguration section */

/* Begin XCConfigurationList section */
		2F1FF8FA1EB8297400DD85B9 /* Build configuration list for PBXProject "ColumnText" */ = {
			isa = XCConfigurationList;
			buildConfigurations = (
				2F1FF92A1EB8297400DD85B9 /* Debug */,
				2F1FF92B1EB8297400DD85B9 /* Release */,
			);
			defaultConfigurationIsVisible = 0;
			defaultConfigurationName = Release;
		};
		2F1FF92C1EB8297400DD85B9 /* Build configuration list for PBXNativeTarget "ColumnText" */ = {
			isa = XCConfigurationList;
			buildConfigurations = (
				2F1FF92D1EB8297400DD85B9 /* Debug */,
				2F1FF92E1EB8297400DD85B9 /* Release */,
			);
			defaultConfigurationIsVisible = 0;
		};
		2F1FF92F1EB8297400DD85B9 /* Build configuration list for PBXNativeTarget "ColumnTextTests" */ = {
			isa = XCConfigurationList;
			buildConfigurations = (
				2F1FF9301EB8297400DD85B9 /* Debug */,
				2F1FF9311EB8297400DD85B9 /* Release */,
			);
			defaultConfigurationIsVisible = 0;
		};
		2F1FF9321EB8297400DD85B9 /* Build configuration list for PBXNativeTarget "ColumnTextUITests" */ = {
			isa = XCConfigurationList;
			buildConfigurations = (
				2F1FF9331EB8297400DD85B9 /* Debug */,
				2F1FF9341EB8297400DD85B9 /* Release */,
			);
			defaultConfigurationIsVisible = 0;
		};
/* End XCConfigurationList section */
	};
	rootObject = 2F1FF8F71EB8297400DD85B9 /* Project object */;
}
